<?xml version="1.0" encoding="utf-8"?>
<Project ToolsVersion="4.0" xmlns="http://schemas.microsoft.com/developer/msbuild/2003">
  <ItemGroup>
    <Filter Include="소스 파일">
      <UniqueIdentifier>{4FC737F1-C7A5-4376-A066-2A32D752A2FF}</UniqueIdentifier>
      <Extensions>cpp;c;cc;cxx;c++;cppm;ixx;def;odl;idl;hpj;bat;asm;asmx</Extensions>
    </Filter>
    <Filter Include="헤더 파일">
      <UniqueIdentifier>{93995380-89BD-4b04-88EB-625FBE52EBFB}</UniqueIdentifier>
      <Extensions>h;hh;hpp;hxx;h++;hm;inl;inc;ipp;xsd</Extensions>
    </Filter>
    <Filter Include="리소스 파일">
      <UniqueIdentifier>{67DA6AB6-F800-4c08-8B7A-83BB121AAD01}</UniqueIdentifier>
      <Extensions>rc;ico;cur;bmp;dlg;rc2;rct;bin;rgs;gif;jpg;jpeg;jpe;resx;tiff;tif;png;wav;mfcribbon-ms</Extensions>
    </Filter>
    <Filter Include="Util">
      <UniqueIdentifier>{42a986f9-0300-4eca-970a-b93eaa025b2b}</UniqueIdentifier>
    </Filter>
    <Filter Include="Engine">
      <UniqueIdentifier>{45e163d6-f7e5-4320-bb2f-9b4ba1bff052}</UniqueIdentifier>
    </Filter>
    <Filter Include="Engine\Core">
      <UniqueIdentifier>{85f594c5-ba4f-48e4-a6b9-30fed79229d3}</UniqueIdentifier>
    </Filter>
    <Filter Include="Engine\Manager">
      <UniqueIdentifier>{2ca8b6f4-9558-4d9f-9270-128aa3a54585}</UniqueIdentifier>
    </Filter>
    <Filter Include="Object">
      <UniqueIdentifier>{33e5a8b3-8c93-4e75-b8a1-4f2c66009b4c}</UniqueIdentifier>
    </Filter>
    <Filter Include="Object\Player">
      <UniqueIdentifier>{eda3ea9d-4c4d-42ec-ac67-a33bb7e40224}</UniqueIdentifier>
    </Filter>
    <Filter Include="Scene">
      <UniqueIdentifier>{eaae1709-39d4-43a5-942a-48192d953421}</UniqueIdentifier>
    </Filter>
    <Filter Include="Object\Monster">
      <UniqueIdentifier>{2aa02314-5573-4b7c-a95d-72051a11f8cd}</UniqueIdentifier>
    </Filter>
    <Filter Include="Object\Missile">
      <UniqueIdentifier>{fcbc4eff-ca28-4f11-b8d6-e22f5f0beea4}</UniqueIdentifier>
    </Filter>
    <Filter Include="Resource">
      <UniqueIdentifier>{2476d299-0afd-43cf-85c2-6f442d0b480a}</UniqueIdentifier>
    </Filter>
    <Filter Include="Resource\Texture">
      <UniqueIdentifier>{35d8db9b-3708-450c-9d44-ffe21a67d668}</UniqueIdentifier>
    </Filter>
    <Filter Include="Engine\Component">
      <UniqueIdentifier>{c3866b7d-55fc-4536-b673-ab802319b634}</UniqueIdentifier>
    </Filter>
    <Filter Include="Engine\Component\Collider">
      <UniqueIdentifier>{9246e7e7-955b-4f65-b9ed-36b1b15d39bf}</UniqueIdentifier>
    </Filter>
    <Filter Include="Engine\Manager\KeyManager">
      <UniqueIdentifier>{292d7a97-db00-4106-a9fa-fa44ddb2561a}</UniqueIdentifier>
    </Filter>
    <Filter Include="Engine\Manager\CollisionManager">
      <UniqueIdentifier>{926c23b9-5536-4daa-9146-5da7a5dded0e}</UniqueIdentifier>
    </Filter>
    <Filter Include="Engine\Manager\PathManager">
      <UniqueIdentifier>{f4e4c210-3b65-4e39-a1b7-9cf7be1cd244}</UniqueIdentifier>
    </Filter>
    <Filter Include="Engine\Manager\ResourceManager">
      <UniqueIdentifier>{07a26a26-e5ce-49a2-aabf-ebfd082a220c}</UniqueIdentifier>
    </Filter>
    <Filter Include="Engine\Manager\SceneManager">
      <UniqueIdentifier>{83f16794-075a-4ef6-8ce2-e8ac46ada9ba}</UniqueIdentifier>
    </Filter>
    <Filter Include="Engine\Manager\TimeManager">
      <UniqueIdentifier>{0b2c5010-cb42-40b0-92cf-46d7e8363fd9}</UniqueIdentifier>
    </Filter>
    <Filter Include="Engine\Manager\EventManager">
      <UniqueIdentifier>{61cd6737-4616-42cc-bd25-82f541c86c6c}</UniqueIdentifier>
    </Filter>
    <Filter Include="Scene\SceneTool">
      <UniqueIdentifier>{d09c4532-42dc-497d-a0ba-fe478bfb72b1}</UniqueIdentifier>
    </Filter>
    <Filter Include="Scene\SceneStart">
      <UniqueIdentifier>{953cb6c5-0f8c-4897-bfa5-8a0dd836f0a7}</UniqueIdentifier>
    </Filter>
    <Filter Include="Engine\Component\Animator">
      <UniqueIdentifier>{7e341d7d-2bb6-40c8-bfad-9a37f8117f7c}</UniqueIdentifier>
    </Filter>
  </ItemGroup>
  <ItemGroup>
    <ClInclude Include="framework.h">
      <Filter>헤더 파일</Filter>
    </ClInclude>
    <ClInclude Include="targetver.h">
      <Filter>헤더 파일</Filter>
    </ClInclude>
    <ClInclude Include="WinAPI2DImitation.h">
      <Filter>헤더 파일</Filter>
    </ClInclude>
    <ClInclude Include="fPoint.h">
      <Filter>Object</Filter>
    </ClInclude>
    <ClInclude Include="Singleton.h">
      <Filter>Util</Filter>
    </ClInclude>
    <ClInclude Include="Core.h">
      <Filter>Engine\Core</Filter>
    </ClInclude>
    <ClInclude Include="Player.h">
      <Filter>Object\Player</Filter>
    </ClInclude>
    <ClInclude Include="Define.h">
      <Filter>헤더 파일</Filter>
    </ClInclude>
    <ClInclude Include="Scene.h">
      <Filter>Scene</Filter>
    </ClInclude>
    <ClInclude Include="Monster.h">
      <Filter>Object\Monster</Filter>
    </ClInclude>
    <ClInclude Include="Missile.h">
      <Filter>Object\Missile</Filter>
    </ClInclude>
    <ClInclude Include="Texture.h">
      <Filter>Resource\Texture</Filter>
    </ClInclude>
    <ClInclude Include="Resource.h">
      <Filter>Resource</Filter>
    </ClInclude>
    <ClInclude Include="Logger.h">
      <Filter>Util</Filter>
    </ClInclude>
    <ClInclude Include="Collider.h">
      <Filter>Engine\Component\Collider</Filter>
    </ClInclude>
    <ClInclude Include="SelectGDI.h">
      <Filter>Util</Filter>
    </ClInclude>
    <ClInclude Include="CollisionManager.h">
      <Filter>Engine\Manager\CollisionManager</Filter>
    </ClInclude>
    <ClInclude Include="KeyManager.h">
      <Filter>Engine\Manager\KeyManager</Filter>
    </ClInclude>
    <ClInclude Include="PathManager.h">
      <Filter>Engine\Manager\PathManager</Filter>
    </ClInclude>
    <ClInclude Include="ResourceManager.h">
      <Filter>Engine\Manager\ResourceManager</Filter>
    </ClInclude>
    <ClInclude Include="SceneManager.h">
      <Filter>Engine\Manager\SceneManager</Filter>
    </ClInclude>
    <ClInclude Include="TimeManager.h">
      <Filter>Engine\Manager\TimeManager</Filter>
    </ClInclude>
    <ClInclude Include="EventManager.h">
      <Filter>Engine\Manager\EventManager</Filter>
    </ClInclude>
    <ClInclude Include="StartScene.h">
      <Filter>Scene\SceneStart</Filter>
    </ClInclude>
    <ClInclude Include="SceneTool.h">
      <Filter>Scene\SceneTool</Filter>
    </ClInclude>
    <ClInclude Include="Animation.h">
      <Filter>Engine\Component\Animator</Filter>
    </ClInclude>
    <ClInclude Include="Animator.h">
      <Filter>Engine\Component\Animator</Filter>
    </ClInclude>
    <ClInclude Include="GameObject.h">
      <Filter>Object</Filter>
    </ClInclude>
  </ItemGroup>
  <ItemGroup>
    <ClCompile Include="WinAPI2DImitation.cpp">
      <Filter>소스 파일</Filter>
    </ClCompile>
    <ClCompile Include="Core.cpp">
      <Filter>Engine\Core</Filter>
    </ClCompile>
    <ClCompile Include="Player.cpp">
      <Filter>Object\Player</Filter>
    </ClCompile>
    <ClCompile Include="Scene.cpp">
      <Filter>Scene</Filter>
    </ClCompile>
    <ClCompile Include="Monster.cpp">
      <Filter>Object\Monster</Filter>
    </ClCompile>
    <ClCompile Include="Missile.cpp">
      <Filter>Object\Missile</Filter>
    </ClCompile>
    <ClCompile Include="Texture.cpp">
      <Filter>Resource\Texture</Filter>
    </ClCompile>
    <ClCompile Include="Resource.cpp">
      <Filter>Resource</Filter>
    </ClCompile>
    <ClCompile Include="Collider.cpp">
      <Filter>Engine\Component\Collider</Filter>
    </ClCompile>
    <ClCompile Include="CollisionManager.cpp">
      <Filter>Engine\Manager\CollisionManager</Filter>
    </ClCompile>
    <ClCompile Include="KeyManager.cpp">
      <Filter>Engine\Manager\KeyManager</Filter>
    </ClCompile>
    <ClCompile Include="PathManager.cpp">
      <Filter>Engine\Manager\PathManager</Filter>
    </ClCompile>
    <ClCompile Include="ResourceManager.cpp">
      <Filter>Engine\Manager\ResourceManager</Filter>
    </ClCompile>
    <ClCompile Include="SceneManager.cpp">
      <Filter>Engine\Manager\SceneManager</Filter>
    </ClCompile>
    <ClCompile Include="TimeManager.cpp">
      <Filter>Engine\Manager\TimeManager</Filter>
    </ClCompile>
    <ClCompile Include="EventManager.cpp">
      <Filter>Engine\Manager\EventManager</Filter>
    </ClCompile>
    <ClCompile Include="StartScene.cpp">
      <Filter>Scene\SceneStart</Filter>
    </ClCompile>
    <ClCompile Include="SceneTool.cpp">
      <Filter>Scene\SceneTool</Filter>
    </ClCompile>
    <ClCompile Include="Animation.cpp">
      <Filter>Engine\Component\Animator</Filter>
    </ClCompile>
    <ClCompile Include="Animator.cpp">
      <Filter>Engine\Component\Animator</Filter>
    </ClCompile>
    <ClCompile Include="GameObject.cpp">
      <Filter>Object</Filter>
    </ClCompile>
  </ItemGroup>
  <ItemGroup>
    <ResourceCompile Include="WinAPI2DImitation.rc">
      <Filter>리소스 파일</Filter>
    </ResourceCompile>
  </ItemGroup>
  <ItemGroup>
    <Image Include="small.ico">
      <Filter>리소스 파일</Filter>
    </Image>
    <Image Include="WinAPI2DImitation.ico">
      <Filter>리소스 파일</Filter>
    </Image>
  </ItemGroup>
</Project>